# THIS IS AN AUTOGENERATED FILE. DO NOT EDIT THIS FILE DIRECTLY.
# yarn lockfile v1


"@types/node@^13.11.0":
  version "13.11.0"
  resolved "https://registry.yarnpkg.com/@types/node/-/node-13.11.0.tgz#390ea202539c61c8fa6ba4428b57e05bc36dc47b"
  integrity sha512-uM4mnmsIIPK/yeO+42F2RQhGUIs39K2RFmugcJANppXe6J1nvH87PvzPZYpza7Xhhs8Yn9yIAVdLZ84z61+0xQ==

typed-decoders@^2.0.5:
  version "2.0.5"
  resolved "https://registry.yarnpkg.com/typed-decoders/-/typed-decoders-2.0.5.tgz#810a54ff03b249c49b65fec7bcd748737b2f24e1"
  integrity sha512-msRiA5Uv57PkReqSKsmH4Kfxse2A+0K9g0keLFsd76mmn+P98+rkQiF2phHLcFPbcB0Vco9Rl7c/2z4Cfhk3Dw==
